{
    "name": "nextcord-snippets",
    "version": "1.5.4",
    "lockfileVersion": 2,
    "requires": true,
    "packages": {
        "": {
            "name": "nextcord-snippets",
            "version": "1.5.4",
            "engines": {
                "vscode": "^0.10.0"
            }
        }
    }
}
